lockfileVersion: 5.4

importers:
  .:
    specifiers:
      '@acme/tsconfig': ^0.1.0
      '@types/node': ^18.15.3
      prettier: ^2.8.4
      prettier-plugin-organize-imports: ^3.2.2
      prettier-plugin-tailwindcss: ^0.2.4
      typescript: ^5.0.2
    devDependencies:
      '@acme/tsconfig': link:config/tsconfig
      '@types/node': 18.15.3
      prettier: 2.8.4
      prettier-plugin-organize-imports: 3.2.2_za2cb7z32ksq5gw6txs6br4sn4
      prettier-plugin-tailwindcss: 0.2.4_tnxajtglrwt6ss4l7qpdnez62i
      typescript: 5.0.2

  config/tsconfig:
    specifiers: {}

packages:
  /@types/node/18.15.3:
    resolution:
      {
        integrity: sha512-p6ua9zBxz5otCmbpb5D3U4B5Nanw6Pk3PPyX05xnxbB/fRv71N7CPmORg7uAD5P70T0xmx1pzAx/FUfa5X+3cw==,
      }
    dev: true

  /prettier-plugin-organize-imports/3.2.2_za2cb7z32ksq5gw6txs6br4sn4:
    resolution:
      {
        integrity: sha512-e97lE6odGSiHonHJMTYC0q0iLXQyw0u5z/PJpvP/3vRy6/Zi9kLBwFAbEGjDzIowpjQv8b+J04PDamoUSQbzGA==,
      }
    peerDependencies:
      '@volar/vue-language-plugin-pug': ^1.0.4
      '@volar/vue-typescript': ^1.0.4
      prettier: '>=2.0'
      typescript: '>=2.9'
    peerDependenciesMeta:
      '@volar/vue-language-plugin-pug':
        optional: true
      '@volar/vue-typescript':
        optional: true
    dependencies:
      prettier: 2.8.4
      typescript: 5.0.2
    dev: true

  /prettier-plugin-tailwindcss/0.2.4_tnxajtglrwt6ss4l7qpdnez62i:
    resolution:
      {
        integrity: sha512-wMyugRI2yD8gqmMpZSS8kTA0gGeKozX/R+w8iWE+yiCZL09zY0SvfiHfHabNhjGhzxlQ2S2VuTxPE3T72vppCQ==,
      }
    engines: { node: '>=12.17.0' }
    peerDependencies:
      '@ianvs/prettier-plugin-sort-imports': '*'
      '@prettier/plugin-php': '*'
      '@prettier/plugin-pug': '*'
      '@shopify/prettier-plugin-liquid': '*'
      '@shufo/prettier-plugin-blade': '*'
      '@trivago/prettier-plugin-sort-imports': '*'
      prettier: '>=2.2.0'
      prettier-plugin-astro: '*'
      prettier-plugin-css-order: '*'
      prettier-plugin-import-sort: '*'
      prettier-plugin-jsdoc: '*'
      prettier-plugin-organize-attributes: '*'
      prettier-plugin-organize-imports: '*'
      prettier-plugin-style-order: '*'
      prettier-plugin-svelte: '*'
      prettier-plugin-twig-melody: '*'
    peerDependenciesMeta:
      '@ianvs/prettier-plugin-sort-imports':
        optional: true
      '@prettier/plugin-php':
        optional: true
      '@prettier/plugin-pug':
        optional: true
      '@shopify/prettier-plugin-liquid':
        optional: true
      '@shufo/prettier-plugin-blade':
        optional: true
      '@trivago/prettier-plugin-sort-imports':
        optional: true
      prettier-plugin-astro:
        optional: true
      prettier-plugin-css-order:
        optional: true
      prettier-plugin-import-sort:
        optional: true
      prettier-plugin-jsdoc:
        optional: true
      prettier-plugin-organize-attributes:
        optional: true
      prettier-plugin-organize-imports:
        optional: true
      prettier-plugin-style-order:
        optional: true
      prettier-plugin-svelte:
        optional: true
      prettier-plugin-twig-melody:
        optional: true
    dependencies:
      prettier: 2.8.4
      prettier-plugin-organize-imports: 3.2.2_za2cb7z32ksq5gw6txs6br4sn4
    dev: true

  /prettier/2.8.4:
    resolution:
      {
        integrity: sha512-vIS4Rlc2FNh0BySk3Wkd6xmwxB0FpOndW5fisM5H8hsZSxU2VWVB5CWIkIjWvrHjIhxk2g3bfMKM87zNTrZddw==,
      }
    engines: { node: '>=10.13.0' }
    hasBin: true
    dev: true

  /typescript/5.0.2:
    resolution:
      {
        integrity: sha512-wVORMBGO/FAs/++blGNeAVdbNKtIh1rbBL2EyQ1+J9lClJ93KiiKe8PmFIVdXhHcyv44SL9oglmfeSsndo0jRw==,
      }
    engines: { node: '>=12.20' }
    hasBin: true
    dev: true
