lockfileVersion: 5.4

importers:

  .:
    specifiers:
      '@acme/tsconfig': ^0.1.0
      '@types/node': ^18.15.3
      typescript: ^5.0.2
    devDependencies:
      '@acme/tsconfig': link:config/tsconfig
      '@types/node': 18.15.3
      typescript: 5.0.2

  config/tsconfig:
    specifiers: {}

packages:

  /@types/node/18.15.3:
    resolution: {integrity: sha512-p6ua9zBxz5otCmbpb5D3U4B5Nanw6Pk3PPyX05xnxbB/fRv71N7CPmORg7uAD5P70T0xmx1pzAx/FUfa5X+3cw==}
    dev: true

  /typescript/5.0.2:
    resolution: {integrity: sha512-wVORMBGO/FAs/++blGNeAVdbNKtIh1rbBL2EyQ1+J9lClJ93KiiKe8PmFIVdXhHcyv44SL9oglmfeSsndo0jRw==}
    engines: {node: '>=12.20'}
    hasBin: true
    dev: true
